github.com/Functional-Bus-Description-Language/go-fbdl v0.0.0-20240105202638-0d6371e25766 h1:8yVuFJrY/RppLbBB8m7m2RDeeTSOVbtrJOavd7RuWNI=
github.com/Functional-Bus-Description-Language/go-fbdl v0.0.0-20240105202638-0d6371e25766/go.mod h1:hWVC4vv/yxcEz2L6XYHk8Jj/17rZ7JRxQu2jps/PgA4=
github.com/Functional-Bus-Description-Language/go-fbdl v0.0.0-20250110180417-3e8d8026c534 h1:1VZq64j9WHgYTRjDR8WmS6Rr8azGOtHNsmcBVc3dB5M=
github.com/Functional-Bus-Description-Language/go-fbdl v0.0.0-20250110180417-3e8d8026c534/go.mod h1:A5Au4v/sbf96F7M8Kun/QrlaLJ2Bt9XzyQSuUmg0FpM=
github.com/Functional-Bus-Description-Language/go-fbdl v0.0.0-20250114143501-cf2d551cbbde h1:ctB+Uya2yICdZxDMfQWpbbnx88XrHu0zf6ihKYQYMnE=
github.com/Functional-Bus-Description-Language/go-fbdl v0.0.0-20250114143501-cf2d551cbbde/go.mod h1:A5Au4v/sbf96F7M8Kun/QrlaLJ2Bt9XzyQSuUmg0FpM=
github.com/Functional-Bus-Description-Language/go-fbdl v0.0.0-20250114145610-bccf2d6b9518 h1:m3n8IHCPOt53lq8vzgdKC6xghIBnzcI8x4kbp4fTWck=
github.com/Functional-Bus-Description-Language/go-fbdl v0.0.0-20250114145610-bccf2d6b9518/go.mod h1:A5Au4v/sbf96F7M8Kun/QrlaLJ2Bt9XzyQSuUmg0FpM=
github.com/Functional-Bus-Description-Language/go-fbdl v0.0.0-20250617073545-c52b5063c944 h1:Dnc1O0vw6Bh37XqUsKimj5WGjWVEZK44dsupSEERv1Y=
github.com/Functional-Bus-Description-Language/go-fbdl v0.0.0-20250617073545-c52b5063c944/go.mod h1:YvjFJqUUWMjBbVmOGwC525/IdmIxcOQFPT+ksMcMG0M=
github.com/Functional-Bus-Description-Language/go-fbdl v0.0.0-20251017103629-8fdd87ec7c95 h1:KXR7miDAZrhK6RiOw3+XXdzie3/ptM59HFsni+Io/Ms=
github.com/Functional-Bus-Description-Language/go-fbdl v0.0.0-20251017103629-8fdd87ec7c95/go.mod h1:YvjFJqUUWMjBbVmOGwC525/IdmIxcOQFPT+ksMcMG0M=
github.com/Functional-Bus-Description-Language/go-fbdl v0.0.0-20260116173308-672f02d21ce7 h1:Z7kGJvYfGe+7eEELWQIcazNf3Pc567Cmrz0cC6ZP36o=
github.com/Functional-Bus-Description-Language/go-fbdl v0.0.0-20260116173308-672f02d21ce7/go.mod h1:YvjFJqUUWMjBbVmOGwC525/IdmIxcOQFPT+ksMcMG0M=
github.com/Functional-Bus-Description-Language/go-fbdl v0.0.0-20260120190108-bd7c92bb932c h1:7InW37zssiSjU7+YE1/9ggPuKVpFA1ad1g0IMeokDUw=
github.com/Functional-Bus-Description-Language/go-fbdl v0.0.0-20260120190108-bd7c92bb932c/go.mod h1:YvjFJqUUWMjBbVmOGwC525/IdmIxcOQFPT+ksMcMG0M=
github.com/Functional-Bus-Description-Language/go-fbdl v0.0.0-20260204121100-2471e0620fd9 h1:Ta1QWXTESA87I7IPxc7EMd1grDLfOv4zrMba4Qot9v0=
github.com/Functional-Bus-Description-Language/go-fbdl v0.0.0-20260204121100-2471e0620fd9/go.mod h1:YvjFJqUUWMjBbVmOGwC525/IdmIxcOQFPT+ksMcMG0M=
github.com/Functional-Bus-Description-Language/go-fbdl v0.0.0-20260930180735-b2e428bd6b40 h1:l75QLt6y4CVGDsszoQC4+4pY2PBlKGJ5+DWZGQpAdfM=
github.com/Functional-Bus-Description-Language/go-fbdl v0.0.0-20260930180735-b2e428bd6b40/go.mod h1:YvjFJqUUWMjBbVmOGwC525/IdmIxcOQFPT+ksMcMG0M=
github.com/Functional-Bus-Description-Language/go-fbdl v0.0.0-20261002100507-39a6dc0fbd8d h1:jY8gxrsa0iMp5EF+sXlMuKxGzxBuPHwnQkJWJ9lL7Og=
github.com/Functional-Bus-Description-Language/go-fbdl v0.0.0-20261002100507-39a6dc0fbd8d/go.mod h1:YvjFJqUUWMjBbVmOGwC525/IdmIxcOQFPT+ksMcMG0M=
github.com/Functional-Bus-Description-Language/go-fbdl v0.0.0-20261004115841-01d73adef01b h1:ff8BAA1awMHyjuVI0wt7flGuFnygFRoe695aF/dk2tQ=
github.com/Functional-Bus-Description-Language/go-fbdl v0.0.0-20261004115841-01d73adef01b/go.mod h1:YvjFJqUUWMjBbVmOGwC525/IdmIxcOQFPT+ksMcMG0M=
github.com/mattn/go-isatty v0.0.20 h1:xfD0iDuEKnDkl03q4limB+vH+GxLEtL/jb4xVJSWWEY=
github.com/mattn/go-isatty v0.0.20/go.mod h1:W+V8PltTTMOvKvAeJH7IuucS94S2C6jfK/D7dTCTo3Y=
github.com/mattn/go-isatty v0.0.24 h1:tGZZoVgT/KiqK1c8ocVLeDS8BSWMRd47J3Lbz7vsReI=
github.com/mattn/go-isatty v0.0.24/go.mod h1:nMCL3Zebbrt45jsMDgnfIwz6ydEQApk5oEI3HqDio6A=
golang.org/x/exp v0.0.0-20240103183307-be819d1f06fc h1:ao2WRsKSzW6KuUY9IWPwWahcHCgR0s52IfwutMfEbdM=
golang.org/x/exp v0.0.0-20240103183307-be819d1f06fc/go.mod h1:iRJReGqOEeBhDZGkGbynYwcHlctCvnjTYIamk7uXpHI=
golang.org/x/exp v0.0.0-20250106191152-7588d65b2ba8 h1:yqrTHse8TCMW1M1ZCP+VAR/l0kKxwaAIqN/il7x4voA=
golang.org/x/exp v0.0.0-20250106191152-7588d65b2ba8/go.mod h1:tujkw807nyEEAamNbDrEGzRav+ilXA7PCRAd6xsmwiU=
golang.org/x/exp v0.0.0-20250408133849-7e4ce0ab07d0 h1:R84qjqJb5nVJMxqWYb3np9L5ZsaDtB+a39EqjV0JSUM=
golang.org/x/exp v0.0.0-20250408133849-7e4ce0ab07d0/go.mod h1:S9Xr4PYopiDyqSyp5NjCrhFrqg6A5zA2E/iPHPhqnS8=
golang.org/x/exp v0.0.0-20250606033433-dcc06ee1d476 h1:bsqhLWFR6G6xiQcb+JoGqdKdRU6WzPWmK8E0jxTjzo4=
golang.org/x/exp v0.0.0-20250606033433-dcc06ee1d476/go.mod h1:3//PLf8L/X+8b4vuAfHzxeRUl04Adcb341+IGKfnqS8=
golang.org/x/exp v0.0.0-20251017212417-90e834f514db h1:by6IehL4BH5k3e3SJmcoNbOobMey2SLpAF79iPOEBvw=
golang.org/x/exp v0.0.0-20251017212417-90e834f514db/go.mod h1:j/pmGrbnkbPtQfxEe5D0VQhZC6qKbfKifgD0oM7sR70=
golang.org/x/exp v0.0.0-20260112195511-716be5621a96 h1:Z/6YuSHTLOHfNFdb8zVZomZr7cqNgTJvA8+Qz75D8gU=
golang.org/x/exp v0.0.0-20260112195511-716be5621a96/go.mod h1:nzimsREAkjBCIEFtHiYkrJyT+2uy9YZJB7H1k68CXZU=
golang.org/x/exp v0.0.0-20260908205506-85c1c2202aba h1:Ck8QetSgk912qxWLMCKxd0in+aiyBQyDSMae6e/xmpU=
golang.org/x/exp v0.0.0-20260908205506-85c1c2202aba/go.mod h1:50RgIsmK7OwqzTTeqcSXQW8SswW0o8fRcDxmqGluJ8E=
golang.org/x/sys v0.6.0/go.mod h1:oPkhp1MJrh7nUepCBck5+mAzfO9JrbApNNgaTdGDITg=
golang.org/x/sys v0.29.0 h1:TPYlXGxvx1MGTn2GiZDhnjPA9wZzZeGKHHmKhHYvgaU=
golang.org/x/sys v0.29.0/go.mod h1:/VUhepiaJMQUp4+oa/7Zr1D23ma6VTLIYjOOTFZPUcA=
golang.org/x/sys v0.32.0 h1:s77OFDvIQeibCmezSnk/q6iAfkdiQaJi4VzroCFrN20=
golang.org/x/sys v0.32.0/go.mod h1:BJP2sWEmIv4KK5OTEluFJCKSidICx8ciO85XgH3Ak8k=
golang.org/x/sys v0.33.0 h1:q3i8TbbEz+JRD9ywIRlyRAQbM0qF7hu24q3teo2hbuw=
golang.org/x/sys v0.33.0/go.mod h1:BJP2sWEmIv4KK5OTEluFJCKSidICx8ciO85XgH3Ak8k=
golang.org/x/sys v0.37.0 h1:fdNQudmxPjkdUTPnLn5mdQv7Zwvbvpaxqs831goi9kQ=
golang.org/x/sys v0.37.0/go.mod h1:OgkHotnGiDImocRcuBABYBEXf8A9a87e/uXjp9XT3ks=
golang.org/x/sys v0.40.0 h1:DBZZqJ2Rkml6QMQsZywtnjnnGvHza6BTfYFWY9kjEWQ=
golang.org/x/sys v0.40.0/go.mod h1:OgkHotnGiDImocRcuBABYBEXf8A9a87e/uXjp9XT3ks=
golang.org/x/sys v0.48.0 h1:bbX/i/6MgT9BVLM9RT1thmxL04yeTAhbEz4SyadbXoo=
golang.org/x/sys v0.48.0/go.mod h1:hNLxWAXmnKAxqDtdwIYC4bM9oQPEecfsnNMuSxOs3og=
